
Microsoft Visual Studio Solution File, Format Version 12.00
# Visual Studio Version 17
VisualStudioVersion = 17.1.32328.378
MinimumVisualStudioVersion = 10.0.40219.1
Project("{FAE04EC0-301F-11D3-BF4B-00C04F79EFBC}") = "PatternMatching", "PatternMatching.csproj", "{231194DC-21BF-458E-B443-CC0BA473729B}"
EndProject
Global
	GlobalSection(SolutionConfigurationPlatforms) = preSolution
		Debug|Any CPU = Debug|Any CPU
		Release|Any CPU = Release|Any CPU
	EndGlobalSection
	GlobalSection(ProjectConfigurationPlatforms) = postSolution
		{231194DC-21BF-458E-B443-CC0BA473729B}.Debug|Any CPU.ActiveCfg = Debug|Any CPU
		{231194DC-21BF-458E-B443-CC0BA473729B}.Debug|Any CPU.Build.0 = Debug|Any CPU
		{231194DC-21BF-458E-B443-CC0BA473729B}.Release|Any CPU.ActiveCfg = Release|Any CPU
		{231194DC-21BF-458E-B443-CC0BA473729B}.Release|Any CPU.Build.0 = Release|Any CPU
	EndGlobalSection
	GlobalSection(SolutionProperties) = preSolution
		HideSolutionNode = FALSE
	EndGlobalSection
	GlobalSection(ExtensibilityGlobals) = postSolution
		SolutionGuid = {E94A6B82-1D73-4DE3-BBE0-EC9789AAE90F}
	EndGlobalSection
EndGlobal
